
Microsoft Visual Studio Solution File, Format Version 12.00
# Visual Studio Version 16
VisualStudioVersion = 16.0.29613.14
MinimumVisualStudioVersion = 10.0.40219.1
Project("{9A19103F-16F7-4668-BE54-9A1E7A4F7556}") = "QuaranTV", "QuaranTV\QuaranTV.csproj", "{6F0F5478-1D1B-4E9E-87D6-62D0BEB7A139}"
EndProject
Project("{FAE04EC0-301F-11D3-BF4B-00C04F79EFBC}") = "QuaranTV.Tests", "QuaranTV.tests\QuaranTV.Tests.csproj", "{4B645427-D482-4813-9B3F-157BAF9F10C3}"
EndProject
Global
	GlobalSection(SolutionConfigurationPlatforms) = preSolution
		Debug|Any CPU = Debug|Any CPU
		Release|Any CPU = Release|Any CPU
	EndGlobalSection
	GlobalSection(ProjectConfigurationPlatforms) = postSolution
		{6F0F5478-1D1B-4E9E-87D6-62D0BEB7A139}.Debug|Any CPU.ActiveCfg = Debug|Any CPU
		{6F0F5478-1D1B-4E9E-87D6-62D0BEB7A139}.Debug|Any CPU.Build.0 = Debug|Any CPU
		{6F0F5478-1D1B-4E9E-87D6-62D0BEB7A139}.Release|Any CPU.ActiveCfg = Release|Any CPU
		{6F0F5478-1D1B-4E9E-87D6-62D0BEB7A139}.Release|Any CPU.Build.0 = Release|Any CPU
		{4B645427-D482-4813-9B3F-157BAF9F10C3}.Debug|Any CPU.ActiveCfg = Debug|Any CPU
		{4B645427-D482-4813-9B3F-157BAF9F10C3}.Debug|Any CPU.Build.0 = Debug|Any CPU
		{4B645427-D482-4813-9B3F-157BAF9F10C3}.Release|Any CPU.ActiveCfg = Release|Any CPU
		{4B645427-D482-4813-9B3F-157BAF9F10C3}.Release|Any CPU.Build.0 = Release|Any CPU
	EndGlobalSection
	GlobalSection(SolutionProperties) = preSolution
		HideSolutionNode = FALSE
	EndGlobalSection
	GlobalSection(ExtensibilityGlobals) = postSolution
		SolutionGuid = {F70D79BC-0452-4145-B176-B4C40ECDF394}
	EndGlobalSection
EndGlobal
